
Microsoft Visual Studio Solution File, Format Version 12.00
# Visual Studio Version 17
VisualStudioVersion = 17.5.002.0
MinimumVisualStudioVersion = 10.0.40219.1
Project("{9A19103F-16F7-4668-BE54-9A1E7A4F7556}") = "StlSpy", "StlSpy.csproj", "{0EF117AE-59B8-41CF-9D33-B27E59027A67}"
EndProject
Global
	GlobalSection(SolutionConfigurationPlatforms) = preSolution
		Debug|Any CPU = Debug|Any CPU
		Release|Any CPU = Release|Any CPU
	EndGlobalSection
	GlobalSection(ProjectConfigurationPlatforms) = postSolution
		{0EF117AE-59B8-41CF-9D33-B27E59027A67}.Debug|Any CPU.ActiveCfg = Debug|Any CPU
		{0EF117AE-59B8-41CF-9D33-B27E59027A67}.Debug|Any CPU.Build.0 = Debug|Any CPU
		{0EF117AE-59B8-41CF-9D33-B27E59027A67}.Release|Any CPU.ActiveCfg = Release|Any CPU
		{0EF117AE-59B8-41CF-9D33-B27E59027A67}.Release|Any CPU.Build.0 = Release|Any CPU
	EndGlobalSection
	GlobalSection(SolutionProperties) = preSolution
		HideSolutionNode = FALSE
	EndGlobalSection
	GlobalSection(ExtensibilityGlobals) = postSolution
		SolutionGuid = {DE662467-D0C0-4A6F-9CBE-C5B8012CC47A}
	EndGlobalSection
EndGlobal
